<?xml version="1.0" encoding="utf-8"?>
<Project ToolsVersion="4.0" xmlns="http://schemas.microsoft.com/developer/msbuild/2003">
  <ItemGroup>
    <ClCompile Include="pch.cpp" />
    <ClCompile Include="Component_type.cpp">
      <Filter>tests</Filter>
    </ClCompile>
    <ClCompile Include="Fixed_pool.cpp">
      <Filter>tests</Filter>
    </ClCompile>
    <ClCompile Include="component_mask.cpp">
      <Filter>tests</Filter>
    </ClCompile>
    <ClCompile Include="component_admin.cpp">
      <Filter>tests</Filter>
    </ClCompile>
    <ClCompile Include="entity_manager.cpp" />
    <ClCompile Include="world.cpp">
      <Filter>tests</Filter>
    </ClCompile>
    <ClCompile Include="component_mask_manager.cpp">
      <Filter>tests</Filter>
    </ClCompile>
  </ItemGroup>
  <ItemGroup>
    <ClInclude Include="pch.h" />
    <ClInclude Include="Test_class_collection.h">
      <Filter>tests</Filter>
    </ClInclude>
  </ItemGroup>
  <ItemGroup>
    <None Include="packages.config" />
  </ItemGroup>
  <ItemGroup>
    <Filter Include="tests">
      <UniqueIdentifier>{c9897f3d-b2b5-40a5-b69b-d77a9c12e7ce}</UniqueIdentifier>
    </Filter>
  </ItemGroup>
</Project>