<?xml version="1.0" encoding="utf-8"?>
<Project ToolsVersion="4.0" xmlns="http://schemas.microsoft.com/developer/msbuild/2003">
  <ItemGroup>
    <Filter Include="Source Files">
      <UniqueIdentifier>{4FC737F1-C7A5-4376-A066-2A32D752A2FF}</UniqueIdentifier>
      <Extensions>cpp;c;cc;cxx;def;odl;idl;hpj;bat;asm;asmx</Extensions>
    </Filter>
    <Filter Include="Header Files">
      <UniqueIdentifier>{93995380-89BD-4b04-88EB-625FBE52EBFB}</UniqueIdentifier>
      <Extensions>h;hh;hpp;hxx;hm;inl;inc;ipp;xsd</Extensions>
    </Filter>
    <Filter Include="Resource Files">
      <UniqueIdentifier>{67DA6AB6-F800-4c08-8B7A-83BB121AAD01}</UniqueIdentifier>
      <Extensions>rc;ico;cur;bmp;dlg;rc2;rct;bin;rgs;gif;jpg;jpeg;jpe;resx;tiff;tif;png;wav;mfcribbon-ms</Extensions>
    </Filter>
  </ItemGroup>
  <ItemGroup>
    <ClInclude Include="include\glad\glad.h">
      <Filter>Header Files</Filter>
    </ClInclude>
    <ClInclude Include="include\KHR\khrplatform.h">
      <Filter>Header Files</Filter>
    </ClInclude>
    <ClInclude Include="include\ecs-engine\core\component_array.h">
      <Filter>Header Files</Filter>
    </ClInclude>
    <ClInclude Include="include\ecs-engine\core\component_cache_manager.h">
      <Filter>Header Files</Filter>
    </ClInclude>
    <ClInclude Include="include\ecs-engine\core\component_manager.h">
      <Filter>Header Files</Filter>
    </ClInclude>
    <ClInclude Include="include\ecs-engine\core\component_setting.h">
      <Filter>Header Files</Filter>
    </ClInclude>
    <ClInclude Include="include\ecs-engine\core\component_tag.h">
      <Filter>Header Files</Filter>
    </ClInclude>
    <ClInclude Include="include\ecs-engine\core\entity.h">
      <Filter>Header Files</Filter>
    </ClInclude>
    <ClInclude Include="include\ecs-engine\core\entity_id.h">
      <Filter>Header Files</Filter>
    </ClInclude>
    <ClInclude Include="include\ecs-engine\core\entity_id_manager.h">
      <Filter>Header Files</Filter>
    </ClInclude>
    <ClInclude Include="include\ecs-engine\core\entity_manager.h">
      <Filter>Header Files</Filter>
    </ClInclude>
    <ClInclude Include="include\ecs-engine\core\system.h">
      <Filter>Header Files</Filter>
    </ClInclude>
    <ClInclude Include="include\ecs-engine\graphics\bitmap_font.h">
      <Filter>Header Files</Filter>
    </ClInclude>
    <ClInclude Include="include\ecs-engine\graphics\camera.h">
      <Filter>Header Files</Filter>
    </ClInclude>
    <ClInclude Include="include\ecs-engine\graphics\gl_error.h">
      <Filter>Header Files</Filter>
    </ClInclude>
    <ClInclude Include="include\ecs-engine\graphics\graphics.h">
      <Filter>Header Files</Filter>
    </ClInclude>
    <ClInclude Include="include\ecs-engine\graphics\sampler.h">
      <Filter>Header Files</Filter>
    </ClInclude>
    <ClInclude Include="include\ecs-engine\graphics\shader.h">
      <Filter>Header Files</Filter>
    </ClInclude>
    <ClInclude Include="include\ecs-engine\graphics\shader_program.h">
      <Filter>Header Files</Filter>
    </ClInclude>
    <ClInclude Include="include\ecs-engine\graphics\shader_util.h">
      <Filter>Header Files</Filter>
    </ClInclude>
    <ClInclude Include="include\ecs-engine\graphics\stb_image.h">
      <Filter>Header Files</Filter>
    </ClInclude>
    <ClInclude Include="include\ecs-engine\graphics\texture.h">
      <Filter>Header Files</Filter>
    </ClInclude>
    <ClInclude Include="include\ecs-engine\graphics\vertex_array.h">
      <Filter>Header Files</Filter>
    </ClInclude>
    <ClInclude Include="include\ecs-engine\graphics\vertex_buffer.h">
      <Filter>Header Files</Filter>
    </ClInclude>
    <ClInclude Include="include\ecs-engine\graphics\vertex_format.h">
      <Filter>Header Files</Filter>
    </ClInclude>
    <ClInclude Include="include\ecs-engine\utility\algorithm.h">
      <Filter>Header Files</Filter>
    </ClInclude>
    <ClInclude Include="include\ecs-engine\utility\fixed_size_pool.h">
      <Filter>Header Files</Filter>
    </ClInclude>
    <ClInclude Include="include\ecs-engine\utility\free_index_stack.h">
      <Filter>Header Files</Filter>
    </ClInclude>
    <ClInclude Include="include\ecs-engine\utility\noncopyable.h">
      <Filter>Header Files</Filter>
    </ClInclude>
    <ClInclude Include="include\ecs-engine\utility\pattern.h">
      <Filter>Header Files</Filter>
    </ClInclude>
    <ClInclude Include="include\ecs-engine\utility\type_list.h">
      <Filter>Header Files</Filter>
    </ClInclude>
    <ClInclude Include="include\ecs-engine\utility\type_mapping.h">
      <Filter>Header Files</Filter>
    </ClInclude>
    <ClInclude Include="include\ecs-engine\window\window.h">
      <Filter>Header Files</Filter>
    </ClInclude>
    <ClInclude Include="include\ecs-engine\utility\file_reader.h">
      <Filter>Header Files</Filter>
    </ClInclude>
    <ClInclude Include="include\ecs-engine\input\input.h">
      <Filter>Header Files</Filter>
    </ClInclude>
    <ClInclude Include="include\ecs-engine\window\gl_context.h">
      <Filter>Header Files</Filter>
    </ClInclude>
    <ClInclude Include="include\ecs-engine\input\input_fn.h">
      <Filter>Header Files</Filter>
    </ClInclude>
    <ClInclude Include="include\ecs-engine\graphics\sprite.h">
      <Filter>Header Files</Filter>
    </ClInclude>
    <ClInclude Include="include\ecs-engine\extension\policy\component_manager_policy.h">
      <Filter>Header Files</Filter>
    </ClInclude>
    <ClInclude Include="include\ecs-engine\extension\system\instanced_sprite_rendering_system.h">
      <Filter>Header Files</Filter>
    </ClInclude>
    <ClInclude Include="include\ecs-engine\extension\component\instanced_sprite_component.h">
      <Filter>Header Files</Filter>
    </ClInclude>
    <ClInclude Include="include\ecs-engine\extension\component\singleton_camera_component.h">
      <Filter>Header Files</Filter>
    </ClInclude>
    <ClInclude Include="include\ecs-engine\extension\component\transform_component.h">
      <Filter>Header Files</Filter>
    </ClInclude>
    <ClInclude Include="include\ecs-engine\extension\policy\threading_model.h">
      <Filter>Header Files</Filter>
    </ClInclude>
    <ClInclude Include="include\ecs-engine\extension\policy\default_unit_policy.h">
      <Filter>Header Files</Filter>
    </ClInclude>
    <ClInclude Include="include\ecs-engine\graphics\projection.h">
      <Filter>Header Files</Filter>
    </ClInclude>
    <ClInclude Include="include\ecs-engine\graphics\view.h">
      <Filter>Header Files</Filter>
    </ClInclude>
    <ClInclude Include="include\ecs-engine\utility\random.h">
      <Filter>Header Files</Filter>
    </ClInclude>
    <ClInclude Include="include\ecs-engine\extension\component\movement_component.h">
      <Filter>Header Files</Filter>
    </ClInclude>
    <ClInclude Include="include\ecs-engine\math\linear_algebra.h">
      <Filter>Header Files</Filter>
    </ClInclude>
    <ClInclude Include="include\ecs-engine\math\primitive.h">
      <Filter>Header Files</Filter>
    </ClInclude>
    <ClInclude Include="include\ecs-engine\math\glm.h">
      <Filter>Header Files</Filter>
    </ClInclude>
    <ClInclude Include="include\ecs-engine\math\intersection.h">
      <Filter>Header Files</Filter>
    </ClInclude>
    <ClInclude Include="include\ecs-engine\math\transform.h">
      <Filter>Header Files</Filter>
    </ClInclude>
    <ClInclude Include="include\ecs-engine\utility\grid.h">
      <Filter>Header Files</Filter>
    </ClInclude>
    <ClInclude Include="include\ecs-engine\utility\container\inlined_vector.h">
      <Filter>Header Files</Filter>
    </ClInclude>
  </ItemGroup>
  <ItemGroup>
    <ClCompile Include="source\ecs-engine\graphics\bitmap_font.cpp">
      <Filter>Source Files</Filter>
    </ClCompile>
    <ClCompile Include="source\ecs-engine\graphics\camera.cpp">
      <Filter>Source Files</Filter>
    </ClCompile>
    <ClCompile Include="source\ecs-engine\graphics\gl_error.cpp">
      <Filter>Source Files</Filter>
    </ClCompile>
    <ClCompile Include="source\ecs-engine\graphics\glad.c">
      <Filter>Source Files</Filter>
    </ClCompile>
    <ClCompile Include="source\ecs-engine\graphics\sampler.cpp">
      <Filter>Source Files</Filter>
    </ClCompile>
    <ClCompile Include="source\ecs-engine\graphics\shader.cpp">
      <Filter>Source Files</Filter>
    </ClCompile>
    <ClCompile Include="source\ecs-engine\graphics\shader_program.cpp">
      <Filter>Source Files</Filter>
    </ClCompile>
    <ClCompile Include="source\ecs-engine\graphics\shader_util.cpp">
      <Filter>Source Files</Filter>
    </ClCompile>
    <ClCompile Include="source\ecs-engine\graphics\texture.cpp">
      <Filter>Source Files</Filter>
    </ClCompile>
    <ClCompile Include="source\ecs-engine\graphics\vertex_array.cpp">
      <Filter>Source Files</Filter>
    </ClCompile>
    <ClCompile Include="source\ecs-engine\graphics\vertex_buffer.cpp">
      <Filter>Source Files</Filter>
    </ClCompile>
    <ClCompile Include="source\ecs-engine\graphics\vertex_format.cpp">
      <Filter>Source Files</Filter>
    </ClCompile>
    <ClCompile Include="source\ecs-engine\utility\file_reader.cpp">
      <Filter>Source Files</Filter>
    </ClCompile>
    <ClCompile Include="source\ecs-engine\utility\pattern.cpp">
      <Filter>Source Files</Filter>
    </ClCompile>
    <ClCompile Include="source\ecs-engine\window\window.cpp">
      <Filter>Source Files</Filter>
    </ClCompile>
    <ClCompile Include="source\ecs-engine\input\input.cpp">
      <Filter>Source Files</Filter>
    </ClCompile>
    <ClCompile Include="source\ecs-engine\window\gl_context.cpp">
      <Filter>Source Files</Filter>
    </ClCompile>
    <ClCompile Include="source\ecs-engine\input\input_fn.cpp">
      <Filter>Source Files</Filter>
    </ClCompile>
    <ClCompile Include="source\ecs-engine\graphics\sprite.cpp">
      <Filter>Source Files</Filter>
    </ClCompile>
    <ClCompile Include="source\ecs-engine\graphics\projection.cpp">
      <Filter>Source Files</Filter>
    </ClCompile>
    <ClCompile Include="source\ecs-engine\graphics\view.cpp">
      <Filter>Source Files</Filter>
    </ClCompile>
    <ClCompile Include="source\ecs-engine\math\glm.cpp">
      <Filter>Source Files</Filter>
    </ClCompile>
  </ItemGroup>
  <ItemGroup>
    <None Include="resource\instanced_sprite_vertex_shader.glsl" />
    <None Include="resource\instanced_sprite_fragment_shader.glsl" />
    <None Include="include\ecs-engine\shader\instanced_sprite_fragment_shader.glsl" />
    <None Include="include\ecs-engine\shader\instanced_sprite_vertex_shader.glsl" />
  </ItemGroup>
</Project>